
Microsoft Visual Studio Solution File, Format Version 12.00
# Visual Studio Version 16
VisualStudioVersion = 16.0.29911.84
MinimumVisualStudioVersion = 10.0.40219.1
Project("{8BC9CEB8-8B4A-11D0-8D11-00A0C91BC942}") = "23 explict 关键字使用", "23 explict 关键字使用.vcxproj", "{48A4089F-AF41-4F6F-BAB7-C88E32360139}"
EndProject
Global
	GlobalSection(SolutionConfigurationPlatforms) = preSolution
		Debug|x64 = Debug|x64
		Debug|x86 = Debug|x86
		Release|x64 = Release|x64
		Release|x86 = Release|x86
	EndGlobalSection
	GlobalSection(ProjectConfigurationPlatforms) = postSolution
		{48A4089F-AF41-4F6F-BAB7-C88E32360139}.Debug|x64.ActiveCfg = Debug|x64
		{48A4089F-AF41-4F6F-BAB7-C88E32360139}.Debug|x64.Build.0 = Debug|x64
		{48A4089F-AF41-4F6F-BAB7-C88E32360139}.Debug|x86.ActiveCfg = Debug|Win32
		{48A4089F-AF41-4F6F-BAB7-C88E32360139}.Debug|x86.Build.0 = Debug|Win32
		{48A4089F-AF41-4F6F-BAB7-C88E32360139}.Release|x64.ActiveCfg = Release|x64
		{48A4089F-AF41-4F6F-BAB7-C88E32360139}.Release|x64.Build.0 = Release|x64
		{48A4089F-AF41-4F6F-BAB7-C88E32360139}.Release|x86.ActiveCfg = Release|Win32
		{48A4089F-AF41-4F6F-BAB7-C88E32360139}.Release|x86.Build.0 = Release|Win32
	EndGlobalSection
	GlobalSection(SolutionProperties) = preSolution
		HideSolutionNode = FALSE
	EndGlobalSection
	GlobalSection(ExtensibilityGlobals) = postSolution
		SolutionGuid = {4117F98E-3537-4FD0-B500-9B4FF5C3BFEE}
	EndGlobalSection
EndGlobal
