
Microsoft Visual Studio Solution File, Format Version 12.00
# Visual Studio Version 16
VisualStudioVersion = 16.0.29911.84
MinimumVisualStudioVersion = 10.0.40219.1
Project("{8BC9CEB8-8B4A-11D0-8D11-00A0C91BC942}") = "41 虚析构与纯虚析构", "41 虚析构与纯虚析构.vcxproj", "{F8CBE3CA-4EAE-4933-97B7-5F242B9078DC}"
EndProject
Global
	GlobalSection(SolutionConfigurationPlatforms) = preSolution
		Debug|x64 = Debug|x64
		Debug|x86 = Debug|x86
		Release|x64 = Release|x64
		Release|x86 = Release|x86
	EndGlobalSection
	GlobalSection(ProjectConfigurationPlatforms) = postSolution
		{F8CBE3CA-4EAE-4933-97B7-5F242B9078DC}.Debug|x64.ActiveCfg = Debug|x64
		{F8CBE3CA-4EAE-4933-97B7-5F242B9078DC}.Debug|x64.Build.0 = Debug|x64
		{F8CBE3CA-4EAE-4933-97B7-5F242B9078DC}.Debug|x86.ActiveCfg = Debug|Win32
		{F8CBE3CA-4EAE-4933-97B7-5F242B9078DC}.Debug|x86.Build.0 = Debug|Win32
		{F8CBE3CA-4EAE-4933-97B7-5F242B9078DC}.Release|x64.ActiveCfg = Release|x64
		{F8CBE3CA-4EAE-4933-97B7-5F242B9078DC}.Release|x64.Build.0 = Release|x64
		{F8CBE3CA-4EAE-4933-97B7-5F242B9078DC}.Release|x86.ActiveCfg = Release|Win32
		{F8CBE3CA-4EAE-4933-97B7-5F242B9078DC}.Release|x86.Build.0 = Release|Win32
	EndGlobalSection
	GlobalSection(SolutionProperties) = preSolution
		HideSolutionNode = FALSE
	EndGlobalSection
	GlobalSection(ExtensibilityGlobals) = postSolution
		SolutionGuid = {80C0030B-962D-4175-8614-31B78AF2DE43}
	EndGlobalSection
EndGlobal
