
Microsoft Visual Studio Solution File, Format Version 12.00
# Visual Studio Version 16
VisualStudioVersion = 16.0.29911.84
MinimumVisualStudioVersion = 10.0.40219.1
Project("{8BC9CEB8-8B4A-11D0-8D11-00A0C91BC942}") = "17 构造函数与析构函数", "17 构造函数与析构函数.vcxproj", "{BBFC6319-91BA-436A-A867-1F91E19E8CEA}"
EndProject
Global
	GlobalSection(SolutionConfigurationPlatforms) = preSolution
		Debug|x64 = Debug|x64
		Debug|x86 = Debug|x86
		Release|x64 = Release|x64
		Release|x86 = Release|x86
	EndGlobalSection
	GlobalSection(ProjectConfigurationPlatforms) = postSolution
		{BBFC6319-91BA-436A-A867-1F91E19E8CEA}.Debug|x64.ActiveCfg = Debug|x64
		{BBFC6319-91BA-436A-A867-1F91E19E8CEA}.Debug|x64.Build.0 = Debug|x64
		{BBFC6319-91BA-436A-A867-1F91E19E8CEA}.Debug|x86.ActiveCfg = Debug|Win32
		{BBFC6319-91BA-436A-A867-1F91E19E8CEA}.Debug|x86.Build.0 = Debug|Win32
		{BBFC6319-91BA-436A-A867-1F91E19E8CEA}.Release|x64.ActiveCfg = Release|x64
		{BBFC6319-91BA-436A-A867-1F91E19E8CEA}.Release|x64.Build.0 = Release|x64
		{BBFC6319-91BA-436A-A867-1F91E19E8CEA}.Release|x86.ActiveCfg = Release|Win32
		{BBFC6319-91BA-436A-A867-1F91E19E8CEA}.Release|x86.Build.0 = Release|Win32
	EndGlobalSection
	GlobalSection(SolutionProperties) = preSolution
		HideSolutionNode = FALSE
	EndGlobalSection
	GlobalSection(ExtensibilityGlobals) = postSolution
		SolutionGuid = {EDDC0DC3-8F21-4668-83D4-91698AA5C76E}
	EndGlobalSection
EndGlobal
